{
  "name": "prisma",
  "lockfileVersion": 3,
  "requires": true,
  "packages": {
    "": {
      "dependencies": {
        "@prisma/client": "^5.21.0"
      },
      "devDependencies": {
        "prisma": "^5.21.0"
      }
    },
    "node_modules/@prisma/client": {
      "version": "5.21.0",
      "resolved": "https://registry.npmjs.org/@prisma/client/-/client-5.21.0.tgz",
      "integrity": "sha512-Qf2YleB3dsCRXiKSQZ+j0aF5E+ojpfqF8ExXaNAWBbAhKapMduwNvgo13K2pEuTiQq8voG2aQPQnxjsO9fOpTQ==",
      "hasInstallScript": true,
      "engines": {
        "node": ">=16.13"
      },
      "peerDependencies": {
        "prisma": "*"
      },
      "peerDependenciesMeta": {
        "prisma": {
          "optional": true
        }
      }
    },
    "node_modules/@prisma/debug": {
      "version": "5.21.0",
      "resolved": "https://registry.npmjs.org/@prisma/debug/-/debug-5.21.0.tgz",
      "integrity": "sha512-8gX68E36OKImh7LBz5fFIuTRLZgM1ObnDA8ukhC1kZvTK7k7Unti6pJe3ZiudzuFAxae06PV1rhq1u9DZbXVnQ==",
      "devOptional": true
    },
    "node_modules/@prisma/engines": {
      "version": "5.21.0",
      "resolved": "https://registry.npmjs.org/@prisma/engines/-/engines-5.21.0.tgz",
      "integrity": "sha512-IBewQJiDnFiz39pl8kEIzmzV4RAoBPBD2DoLDntMMXObg1an90Dp+xeb1mmwrTgRDE3elu/LYxyVPEkKw9LZ7A==",
      "devOptional": true,
      "hasInstallScript": true,
      "dependencies": {
        "@prisma/debug": "5.21.0",
        "@prisma/engines-version": "5.21.0-36.08713a93b99d58f31485621c634b04983ae01d95",
        "@prisma/fetch-engine": "5.21.0",
        "@prisma/get-platform": "5.21.0"
      }
    },
    "node_modules/@prisma/engines-version": {
      "version": "5.21.0-36.08713a93b99d58f31485621c634b04983ae01d95",
      "resolved": "https://registry.npmjs.org/@prisma/engines-version/-/engines-version-5.21.0-36.08713a93b99d58f31485621c634b04983ae01d95.tgz",
      "integrity": "sha512-hfq7c8MnkhcZTY0bGXG6bV5Cr7OsnHLERNy4xkZy6rbpWnhtfjuj3yUVM4u1GKXd6uWmFbg0+HDw8KXTgTVepQ==",
      "devOptional": true
    },
    "node_modules/@prisma/fetch-engine": {
      "version": "5.21.0",
      "resolved": "https://registry.npmjs.org/@prisma/fetch-engine/-/fetch-engine-5.21.0.tgz",
      "integrity": "sha512-nXKJrsxVKng6yjJzl7vBjrr3S34cOmWQ9SiGTo9xidVTmVSgg5GCTwDL4r2be8DE3RntqK5BW2LWQ1gF80eINw==",
      "devOptional": true,
      "dependencies": {
        "@prisma/debug": "5.21.0",
        "@prisma/engines-version": "5.21.0-36.08713a93b99d58f31485621c634b04983ae01d95",
        "@prisma/get-platform": "5.21.0"
      }
    },
    "node_modules/@prisma/get-platform": {
      "version": "5.21.0",
      "resolved": "https://registry.npmjs.org/@prisma/get-platform/-/get-platform-5.21.0.tgz",
      "integrity": "sha512-NAyaAcHJhs0IysGYJtM6Fm3ccEs/LkCZqz/8riVkkJswFrRtFV93jAUIVKWO/wj1Ca1gO7HaMd/tr6e/9Xmvww==",
      "devOptional": true,
      "dependencies": {
        "@prisma/debug": "5.21.0"
      }
    },
    "node_modules/fsevents": {
      "version": "2.3.3",
      "resolved": "https://registry.npmjs.org/fsevents/-/fsevents-2.3.3.tgz",
      "integrity": "sha512-5xoDfX+fL7faATnagmWPpbFtwh/R77WmMMqqHGS65C3vvB0YHrgF+B1YmZ3441tMj5n63k0212XNoJwzlhffQw==",
      "dev": true,
      "hasInstallScript": true,
      "optional": true,
      "os": [
        "darwin"
      ],
      "engines": {
        "node": "^8.16.0 || ^10.6.0 || >=11.0.0"
      }
    },
    "node_modules/prisma": {
      "version": "5.21.0",
      "resolved": "https://registry.npmjs.org/prisma/-/prisma-5.21.0.tgz",
      "integrity": "sha512-Pc/xn2eZPiANbFFGp+YoCQSKQ5t9W/dBzQ+3HrcfrOWZAzt7n77VsVCPa9WdfTjim4CuodkCFyiP2+uGY5/gqw==",
      "devOptional": true,
      "hasInstallScript": true,
      "dependencies": {
        "@prisma/engines": "5.21.0"
      },
      "bin": {
        "prisma": "build/index.js"
      },
      "engines": {
        "node": ">=16.13"
      },
      "optionalDependencies": {
        "fsevents": "2.3.3"
      }
    }
  }
}
